
Microsoft Visual Studio Solution File, Format Version 12.00
# Visual Studio Version 16
VisualStudioVersion = 16.0.30114.105
MinimumVisualStudioVersion = 10.0.40219.1
Project("{9A19103F-16F7-4668-BE54-9A1E7A4F7556}") = "CareerCloud.Pocos", "CareerCloud.Pocos\CareerCloud.Pocos.csproj", "{6E0411D1-1DAF-4BA3-9E08-E1D444996B0D}"
EndProject
Project("{9A19103F-16F7-4668-BE54-9A1E7A4F7556}") = "CareerCloudCore.UnitTests.Assignment1", "CareerCloudCore.UnitTests.Assignment1\CareerCloudCore.UnitTests.Assignment1\CareerCloudCore.UnitTests.Assignment1.csproj", "{C163D713-A195-401E-A0F0-FD323F432956}"
EndProject
Project("{9A19103F-16F7-4668-BE54-9A1E7A4F7556}") = "CareerCloud.DataAccessLayer", "CareerCloud.DataAccessLayer\CareerCloud.DataAccessLayer.csproj", "{0959D3A1-BF36-4F2A-9A4C-78AF033E5DF5}"
EndProject
Project("{9A19103F-16F7-4668-BE54-9A1E7A4F7556}") = "CareerCloud.ADODataAccessLayer", "CareerCloud.ADODataAccessLayer\CareerCloud.ADODataAccessLayer.csproj", "{94FE8CC3-9360-422C-8B32-4C03E203598E}"
EndProject
Project("{9A19103F-16F7-4668-BE54-9A1E7A4F7556}") = "CareerCloudCore.UnitTests.Assignment2", "CareerCloudCore.UnitTests.Assignment2\CareerCloudCore.UnitTests.Assignment2.csproj", "{F66E2842-DF90-4EF3-8D1A-1A46F8441055}"
EndProject
Global
	GlobalSection(SolutionConfigurationPlatforms) = preSolution
		Debug|Any CPU = Debug|Any CPU
		Release|Any CPU = Release|Any CPU
	EndGlobalSection
	GlobalSection(ProjectConfigurationPlatforms) = postSolution
		{6E0411D1-1DAF-4BA3-9E08-E1D444996B0D}.Debug|Any CPU.ActiveCfg = Debug|Any CPU
		{6E0411D1-1DAF-4BA3-9E08-E1D444996B0D}.Debug|Any CPU.Build.0 = Debug|Any CPU
		{6E0411D1-1DAF-4BA3-9E08-E1D444996B0D}.Release|Any CPU.ActiveCfg = Release|Any CPU
		{6E0411D1-1DAF-4BA3-9E08-E1D444996B0D}.Release|Any CPU.Build.0 = Release|Any CPU
		{C163D713-A195-401E-A0F0-FD323F432956}.Debug|Any CPU.ActiveCfg = Debug|Any CPU
		{C163D713-A195-401E-A0F0-FD323F432956}.Debug|Any CPU.Build.0 = Debug|Any CPU
		{C163D713-A195-401E-A0F0-FD323F432956}.Release|Any CPU.ActiveCfg = Release|Any CPU
		{C163D713-A195-401E-A0F0-FD323F432956}.Release|Any CPU.Build.0 = Release|Any CPU
		{0959D3A1-BF36-4F2A-9A4C-78AF033E5DF5}.Debug|Any CPU.ActiveCfg = Debug|Any CPU
		{0959D3A1-BF36-4F2A-9A4C-78AF033E5DF5}.Debug|Any CPU.Build.0 = Debug|Any CPU
		{0959D3A1-BF36-4F2A-9A4C-78AF033E5DF5}.Release|Any CPU.ActiveCfg = Release|Any CPU
		{0959D3A1-BF36-4F2A-9A4C-78AF033E5DF5}.Release|Any CPU.Build.0 = Release|Any CPU
		{94FE8CC3-9360-422C-8B32-4C03E203598E}.Debug|Any CPU.ActiveCfg = Debug|Any CPU
		{94FE8CC3-9360-422C-8B32-4C03E203598E}.Debug|Any CPU.Build.0 = Debug|Any CPU
		{94FE8CC3-9360-422C-8B32-4C03E203598E}.Release|Any CPU.ActiveCfg = Release|Any CPU
		{94FE8CC3-9360-422C-8B32-4C03E203598E}.Release|Any CPU.Build.0 = Release|Any CPU
		{F66E2842-DF90-4EF3-8D1A-1A46F8441055}.Debug|Any CPU.ActiveCfg = Debug|Any CPU
		{F66E2842-DF90-4EF3-8D1A-1A46F8441055}.Debug|Any CPU.Build.0 = Debug|Any CPU
		{F66E2842-DF90-4EF3-8D1A-1A46F8441055}.Release|Any CPU.ActiveCfg = Release|Any CPU
		{F66E2842-DF90-4EF3-8D1A-1A46F8441055}.Release|Any CPU.Build.0 = Release|Any CPU
	EndGlobalSection
	GlobalSection(SolutionProperties) = preSolution
		HideSolutionNode = FALSE
	EndGlobalSection
	GlobalSection(ExtensibilityGlobals) = postSolution
		SolutionGuid = {45C4DF76-7E66-4473-82C8-E746C6B9A440}
	EndGlobalSection
EndGlobal
